// !$*UTF8*$!
{
	archiveVersion = 1;
	classes = {
	};
	objectVersion = 46;
	objects = {

/* Begin PBXBuildFile section */
		CA0B26631F055003006F0CF7 /* AppDelegate.swift in Sources */ = {isa = PBXBuildFile; fileRef = CA0B26621F055003006F0CF7 /* AppDelegate.swift */; };
		CA0B26651F055003006F0CF7 /* ViewController.swift in Sources */ = {isa = PBXBuildFile; fileRef = CA0B26641F055003006F0CF7 /* ViewController.swift */; };
		CA0B26681F055003006F0CF7 /* Main.storyboard in Resources */ = {isa = PBXBuildFile; fileRef = CA0B26661F055003006F0CF7 /* Main.storyboard */; };
		CA0B266A1F055003006F0CF7 /* Assets.xcassets in Resources */ = {isa = PBXBuildFile; fileRef = CA0B26691F055003006F0CF7 /* Assets.xcassets */; };
		CA0B266D1F055003006F0CF7 /* LaunchScreen.storyboard in Resources */ = {isa = PBXBuildFile; fileRef = CA0B266B1F055003006F0CF7 /* LaunchScreen.storyboard */; };
/* End PBXBuildFile section */

/* Begin PBXFileReference section */
		CA0B265F1F055003006F0CF7 /* ixShuttle.app */ = {isa = PBXFileReference; explicitFileType = wrapper.application; includeInIndex = 0; path = ixShuttle.app; sourceTree = BUILT_PRODUCTS_DIR; };
		CA0B26621F055003006F0CF7 /* AppDelegate.swift */ = {isa = PBXFileReference; lastKnownFileType = sourcecode.swift; path = AppDelegate.swift; sourceTree = "<group>"; };
		CA0B26641F055003006F0CF7 /* ViewController.swift */ = {isa = PBXFileReference; lastKnownFileType = sourcecode.swift; path = ViewController.swift; sourceTree = "<group>"; };
		CA0B26671F055003006F0CF7 /* Base */ = {isa = PBXFileReference; lastKnownFileType = file.storyboard; name = Base; path = Base.lproj/Main.storyboard; sourceTree = "<group>"; };
		CA0B26691F055003006F0CF7 /* Assets.xcassets */ = {isa = PBXFileReference; lastKnownFileType = folder.assetcatalog; path = Assets.xcassets; sourceTree = "<group>"; };
		CA0B266C1F055003006F0CF7 /* Base */ = {isa = PBXFileReference; lastKnownFileType = file.storyboard; name = Base; path = Base.lproj/LaunchScreen.storyboard; sourceTree = "<group>"; };
		CA0B266E1F055003006F0CF7 /* Info.plist */ = {isa = PBXFileReference; lastKnownFileType = text.plist.xml; path = Info.plist; sourceTree = "<group>"; };
/* End PBXFileReference section */

/* Begin PBXFrameworksBuildPhase section */
		CA0B265C1F055003006F0CF7 /* Frameworks */ = {
			isa = PBXFrameworksBuildPhase;
			buildActionMask = 2147483647;
			files = (
			);
			runOnlyForDeploymentPostprocessing = 0;
		};
/* End PBXFrameworksBuildPhase section */

/* Begin PBXGroup section */
		CA0B26561F055003006F0CF7 = {
			isa = PBXGroup;
			children = (
				CA0B26611F055003006F0CF7 /* ixShuttle */,
				CA0B26601F055003006F0CF7 /* Products */,
			);
			sourceTree = "<group>";
		};
		CA0B26601F055003006F0CF7 /* Products */ = {
			isa = PBXGroup;
			children = (
				CA0B265F1F055003006F0CF7 /* ixShuttle.app */,
			);
			name = Products;
			sourceTree = "<group>";
		};
		CA0B26611F055003006F0CF7 /* ixShuttle */ = {
			isa = PBXGroup;
			children = (
				CA0B26621F055003006F0CF7 /* AppDelegate.swift */,
				CA0B26641F055003006F0CF7 /* ViewController.swift */,
				CA0B26661F055003006F0CF7 /* Main.storyboard */,
				CA0B26691F055003006F0CF7 /* Assets.xcassets */,
				CA0B266B1F055003006F0CF7 /* LaunchScreen.storyboard */,
				CA0B266E1F055003006F0CF7 /* Info.plist */,
			);
			path = ixShuttle;
			sourceTree = "<group>";
		};
/* End PBXGroup section */

/* Begin PBXNativeTarget section */
		CA0B265E1F055003006F0CF7 /* ixShuttle */ = {
			isa = PBXNativeTarget;
			buildConfigurationList = CA0B26711F055003006F0CF7 /* Build configuration list for PBXNativeTarget "ixShuttle" */;
			buildPhases = (
				CA0B265B1F055003006F0CF7 /* Sources */,
				CA0B265C1F055003006F0CF7 /* Frameworks */,
				CA0B265D1F055003006F0CF7 /* Resources */,
			);
			buildRules = (
			);
			dependencies = (
			);
			name = ixShuttle;
			productName = ixShuttle;
			productReference = CA0B265F1F055003006F0CF7 /* ixShuttle.app */;
			productType = "com.apple.product-type.application";
		};
/* End PBXNativeTarget section */

/* Begin PBXProject section */
		CA0B26571F055003006F0CF7 /* Project object */ = {
			isa = PBXProject;
			attributes = {
				LastSwiftUpdateCheck = 0830;
				LastUpgradeCheck = 0830;
				ORGANIZATIONNAME = "Brandon Taleisnik";
				TargetAttributes = {
					CA0B265E1F055003006F0CF7 = {
						CreatedOnToolsVersion = 8.3.2;
						ProvisioningStyle = Automatic;
					};
				};
			};
			buildConfigurationList = CA0B265A1F055003006F0CF7 /* Build configuration list for PBXProject "ixShuttle" */;
			compatibilityVersion = "Xcode 3.2";
			developmentRegion = English;
			hasScannedForEncodings = 0;
			knownRegions = (
				en,
				Base,
			);
			mainGroup = CA0B26561F055003006F0CF7;
			productRefGroup = CA0B26601F055003006F0CF7 /* Products */;
			projectDirPath = "";
			projectRoot = "";
			targets = (
				CA0B265E1F055003006F0CF7 /* ixShuttle */,
			);
		};
/* End PBXProject section */

/* Begin PBXResourcesBuildPhase section */
		CA0B265D1F055003006F0CF7 /* Resources */ = {
			isa = PBXResourcesBuildPhase;
			buildActionMask = 2147483647;
			files = (
				CA0B266D1F055003006F0CF7 /* LaunchScreen.storyboard in Resources */,
				CA0B266A1F055003006F0CF7 /* Assets.xcassets in Resources */,
				CA0B26681F055003006F0CF7 /* Main.storyboard in Resources */,
			);
			runOnlyForDeploymentPostprocessing = 0;
		};
/* End PBXResourcesBuildPhase section */

/* Begin PBXSourcesBuildPhase section */
		CA0B265B1F055003006F0CF7 /* Sources */ = {
			isa = PBXSourcesBuildPhase;
			buildActionMask = 2147483647;
			files = (
				CA0B26651F055003006F0CF7 /* ViewController.swift in Sources */,
				CA0B26631F055003006F0CF7 /* AppDelegate.swift in Sources */,
			);
			runOnlyForDeploymentPostprocessing = 0;
		};
/* End PBXSourcesBuildPhase section */

/* Begin PBXVariantGroup section */
		CA0B26661F055003006F0CF7 /* Main.storyboard */ = {
			isa = PBXVariantGroup;
			children = (
				CA0B26671F055003006F0CF7 /* Base */,
			);
			name = Main.storyboard;
			sourceTree = "<group>";
		};
		CA0B266B1F055003006F0CF7 /* LaunchScreen.storyboard */ = {
			isa = PBXVariantGroup;
			children = (
				CA0B266C1F055003006F0CF7 /* Base */,
			);
			name = LaunchScreen.storyboard;
			sourceTree = "<group>";
		};
/* End PBXVariantGroup section */

/* Begin XCBuildConfiguration section */
		CA0B266F1F055003006F0CF7 /* Debug */ = {
			isa = XCBuildConfiguration;
			buildSettings = {
				ALWAYS_SEARCH_USER_PATHS = NO;
				CLANG_ANALYZER_NONNULL = YES;
				CLANG_ANALYZER_NUMBER_OBJECT_CONVERSION = YES_AGGRESSIVE;
				CLANG_CXX_LANGUAGE_STANDARD = "gnu++0x";
				CLANG_CXX_LIBRARY = "libc++";
				CLANG_ENABLE_MODULES = YES;
				CLANG_ENABLE_OBJC_ARC = YES;
				CLANG_WARN_BOOL_CONVERSION = YES;
				CLANG_WARN_CONSTANT_CONVERSION = YES;
				CLANG_WARN_DIRECT_OBJC_ISA_USAGE = YES_ERROR;
				CLANG_WARN_DOCUMENTATION_COMMENTS = YES;
				CLANG_WARN_EMPTY_BODY = YES;
				CLANG_WARN_ENUM_CONVERSION = YES;
				CLANG_WARN_INFINITE_RECURSION = YES;
				CLANG_WARN_INT_CONVERSION = YES;
				CLANG_WARN_OBJC_ROOT_CLASS = YES_ERROR;
				CLANG_WARN_SUSPICIOUS_MOVE = YES;
				CLANG_WARN_UNREACHABLE_CODE = YES;
				CLANG_WARN__DUPLICATE_METHOD_MATCH = YES;
				"CODE_SIGN_IDENTITY[sdk=iphoneos*]" = "iPhone Developer";
				COPY_PHASE_STRIP = NO;
				DEBUG_INFORMATION_FORMAT = dwarf;
				ENABLE_STRICT_OBJC_MSGSEND = YES;
				ENABLE_TESTABILITY = YES;
				GCC_C_LANGUAGE_STANDARD = gnu99;
				GCC_DYNAMIC_NO_PIC = NO;
				GCC_NO_COMMON_BLOCKS = YES;
				GCC_OPTIMIZATION_LEVEL = 0;
				GCC_PREPROCESSOR_DEFINITIONS = (
					"DEBUG=1",
					"$(inherited)",
				);
				GCC_WARN_64_TO_32_BIT_CONVERSION = YES;
				GCC_WARN_ABOUT_RETURN_TYPE = YES_ERROR;
				GCC_WARN_UNDECLARED_SELECTOR = YES;
				GCC_WARN_UNINITIALIZED_AUTOS = YES_AGGRESSIVE;
				GCC_WARN_UNUSED_FUNCTION = YES;
				GCC_WARN_UNUSED_VARIABLE = YES;
				IPHONEOS_DEPLOYMENT_TARGET = 10.3;
				MTL_ENABLE_DEBUG_INFO = YES;
				ONLY_ACTIVE_ARCH = YES;
				SDKROOT = iphoneos;
				SWIFT_ACTIVE_COMPILATION_CONDITIONS = DEBUG;
				SWIFT_OPTIMIZATION_LEVEL = "-Onone";
				TARGETED_DEVICE_FAMILY = "1,2";
			};
			name = Debug;
		};
		CA0B26701F055003006F0CF7 /* Release */ = {
			isa = XCBuildConfiguration;
			buildSettings = {
				ALWAYS_SEARCH_USER_PATHS = NO;
				CLANG_ANALYZER_NONNULL = YES;
				CLANG_ANALYZER_NUMBER_OBJECT_CONVERSION = YES_AGGRESSIVE;
				CLANG_CXX_LANGUAGE_STANDARD = "gnu++0x";
				CLANG_CXX_LIBRARY = "libc++";
				CLANG_ENABLE_MODULES = YES;
				CLANG_ENABLE_OBJC_ARC = YES;
				CLANG_WARN_BOOL_CONVERSION = YES;
				CLANG_WARN_CONSTANT_CONVERSION = YES;
				CLANG_WARN_DIRECT_OBJC_ISA_USAGE = YES_ERROR;
				CLANG_WARN_DOCUMENTATION_COMMENTS = YES;
				CLANG_WARN_EMPTY_BODY = YES;
				CLANG_WARN_ENUM_CONVERSION = YES;
				CLANG_WARN_INFINITE_RECURSION = YES;
				CLANG_WARN_INT_CONVERSION = YES;
				CLANG_WARN_OBJC_ROOT_CLASS = YES_ERROR;
				CLANG_WARN_SUSPICIOUS_MOVE = YES;
				CLANG_WARN_UNREACHABLE_CODE = YES;
				CLANG_WARN__DUPLICATE_METHOD_MATCH = YES;
				"CODE_SIGN_IDENTITY[sdk=iphoneos*]" = "iPhone Developer";
				COPY_PHASE_STRIP = NO;
				DEBUG_INFORMATION_FORMAT = "dwarf-with-dsym";
				ENABLE_NS_ASSERTIONS = NO;
				ENABLE_STRICT_OBJC_MSGSEND = YES;
				GCC_C_LANGUAGE_STANDARD = gnu99;
				GCC_NO_COMMON_BLOCKS = YES;
				GCC_WARN_64_TO_32_BIT_CONVERSION = YES;
				GCC_WARN_ABOUT_RETURN_TYPE = YES_ERROR;
				GCC_WARN_UNDECLARED_SELECTOR = YES;
				GCC_WARN_UNINITIALIZED_AUTOS = YES_AGGRESSIVE;
				GCC_WARN_UNUSED_FUNCTION = YES;
				GCC_WARN_UNUSED_VARIABLE = YES;
				IPHONEOS_DEPLOYMENT_TARGET = 10.3;
				MTL_ENABLE_DEBUG_INFO = NO;
				SDKROOT = iphoneos;
				SWIFT_OPTIMIZATION_LEVEL = "-Owholemodule";
				TARGETED_DEVICE_FAMILY = "1,2";
				VALIDATE_PRODUCT = YES;
			};
			name = Release;
		};
		CA0B26721F055003006F0CF7 /* Debug */ = {
			isa = XCBuildConfiguration;
			buildSettings = {
				ASSETCATALOG_COMPILER_APPICON_NAME = AppIcon;
				INFOPLIST_FILE = ixShuttle/Info.plist;
				LD_RUNPATH_SEARCH_PATHS = "$(inherited) @executable_path/Frameworks";
				PRODUCT_BUNDLE_IDENTIFIER = "Brandon-Taleisnik.ixShuttle";
				PRODUCT_NAME = "$(TARGET_NAME)";
				SWIFT_VERSION = 3.0;
			};
			name = Debug;
		};
		CA0B26731F055003006F0CF7 /* Release */ = {
			isa = XCBuildConfiguration;
			buildSettings = {
				ASSETCATALOG_COMPILER_APPICON_NAME = AppIcon;
				INFOPLIST_FILE = ixShuttle/Info.plist;
				LD_RUNPATH_SEARCH_PATHS = "$(inherited) @executable_path/Frameworks";
				PRODUCT_BUNDLE_IDENTIFIER = "Brandon-Taleisnik.ixShuttle";
				PRODUCT_NAME = "$(TARGET_NAME)";
				SWIFT_VERSION = 3.0;
			};
			name = Release;
		};
/* End XCBuildConfiguration section */

/* Begin XCConfigurationList section */
		CA0B265A1F055003006F0CF7 /* Build configuration list for PBXProject "ixShuttle" */ = {
			isa = XCConfigurationList;
			buildConfigurations = (
				CA0B266F1F055003006F0CF7 /* Debug */,
				CA0B26701F055003006F0CF7 /* Release */,
			);
			defaultConfigurationIsVisible = 0;
			defaultConfigurationName = Release;
		};
		CA0B26711F055003006F0CF7 /* Build configuration list for PBXNativeTarget "ixShuttle" */ = {
			isa = XCConfigurationList;
			buildConfigurations = (
				CA0B26721F055003006F0CF7 /* Debug */,
				CA0B26731F055003006F0CF7 /* Release */,
			);
			defaultConfigurationIsVisible = 0;
		};
/* End XCConfigurationList section */
	};
	rootObject = CA0B26571F055003006F0CF7 /* Project object */;
}
